# @generated by Move, please check-in and do not edit manually.

[move]
version = 3
manifest_digest = "0E4028A78C39358CDE972646AF8432F093CC20A4B317E39C3C733BAE552E5497"
deps_digest = "F8BBB0CCB2491CA29A3DF03D6F92277A4F3574266507ACD77214D37ECA3F3082"
dependencies = [
  { id = "Sui", name = "Sui" },
]

[[move.package]]
id = "MoveStdlib"
source = { local = "..\\sui\\crates\\sui-framework\\packages\\move-stdlib" }

[[move.package]]
id = "Sui"
source = { local = "..\\sui\\crates\\sui-framework\\packages\\sui-framework" }

dependencies = [
  { id = "MoveStdlib", name = "MoveStdlib" },
]

[move.toolchain-version]
compiler-version = "1.47.0"
edition = "2024"
flavor = "sui"

[env]

[env.testnet]
chain-id = "4c78adac"
original-published-id = "0x55e37b9d2a61e17a10294937b8decc569890d27d314c97c0e55aba247a7bb6f8"
latest-published-id = "0x55e37b9d2a61e17a10294937b8decc569890d27d314c97c0e55aba247a7bb6f8"
published-version = "1"
