# @generated by Move, please check-in and do not edit manually.

[move]
version = 3
manifest_digest = "A8644E3628B7F8613174161F1E19A1C75FDE485ED03DBCCFB52D86761EFA1AAC"
deps_digest = "F8BBB0CCB2491CA29A3DF03D6F92277A4F3574266507ACD77214D37ECA3F3082"
dependencies = [
  { id = "Sui", name = "Sui" },
]

[[move.package]]
id = "MoveStdlib"
source = { git = "https://github.com/MystenLabs/sui.git", rev = "framework/mainnet", subdir = "crates\\sui-framework\\packages\\move-stdlib" }

[[move.package]]
id = "Sui"
source = { git = "https://github.com/MystenLabs/sui.git", rev = "framework/mainnet", subdir = "crates/sui-framework/packages/sui-framework" }

dependencies = [
  { id = "MoveStdlib", name = "MoveStdlib" },
]

[move.toolchain-version]
compiler-version = "1.49.0"
edition = "2024"
flavor = "sui"

[env]

[env.testnet]
chain-id = "4c78adac"
original-published-id = "0xc31c401d42d02c463d80476c37223dee09b422b674b3f6ed04c16011423522bd"
latest-published-id = "0xc31c401d42d02c463d80476c37223dee09b422b674b3f6ed04c16011423522bd"
published-version = "1"
